// !$*UTF8*$!
{
	archiveVersion = 1;
	classes = {
	};
	objectVersion = 54;
	objects = {

/* Begin PBXBuildFile section */
		00E356F31AD99517003FC87E /* FoodDeliveryAppTests.m in Sources */ = {isa = PBXBuildFile; fileRef = 00E356F21AD99517003FC87E /* FoodDeliveryAppTests.m */; };
		08DCA0F2BC23454FB8877318 /* BaiJamjuree-Light.ttf in Resources */ = {isa = PBXBuildFile; fileRef = A0DC7076B715451688531CB4 /* BaiJamjuree-Light.ttf */; };
		0C80B921A6F3F58F76C31292 /* libPods-FoodDeliveryApp.a in Frameworks */ = {isa = PBXBuildFile; fileRef = 5DCACB8F33CDC322A6C60F78 /* libPods-FoodDeliveryApp.a */; };
		13B07FBC1A68108700A75B9A /* AppDelegate.mm in Sources */ = {isa = PBXBuildFile; fileRef = 13B07FB01A68108700A75B9A /* AppDelegate.mm */; };
		13B07FBF1A68108700A75B9A /* Images.xcassets in Resources */ = {isa = PBXBuildFile; fileRef = 13B07FB51A68108700A75B9A /* Images.xcassets */; };
		13B07FC11A68108700A75B9A /* main.m in Sources */ = {isa = PBXBuildFile; fileRef = 13B07FB71A68108700A75B9A /* main.m */; };
		187736C9E03C420B8482FBDC /* BaiJamjuree-ExtraLight.ttf in Resources */ = {isa = PBXBuildFile; fileRef = A2543A55C5684061B26CAD96 /* BaiJamjuree-ExtraLight.ttf */; };
		1A0EB0F67DB94921A90EDD17 /* MontserratAlternates-Bold.ttf in Resources */ = {isa = PBXBuildFile; fileRef = 59A7EB16D9324F0D96F713F7 /* MontserratAlternates-Bold.ttf */; };
		258022C4675E44239EE6CAC8 /* BaiJamjuree-Italic.ttf in Resources */ = {isa = PBXBuildFile; fileRef = 9A6013CD03BF486BB96B746E /* BaiJamjuree-Italic.ttf */; };
		2D9CD86C9FCE47A7AF1B3CA0 /* MontserratAlternates-BoldItalic.ttf in Resources */ = {isa = PBXBuildFile; fileRef = 5DD24466368248DA84791A21 /* MontserratAlternates-BoldItalic.ttf */; };
		3015A2B03F054EAC935016C5 /* BaiJamjuree-SemiBoldItalic.ttf in Resources */ = {isa = PBXBuildFile; fileRef = 4F86C2525E264B88AD019B93 /* BaiJamjuree-SemiBoldItalic.ttf */; };
		340FD3216A274E8C9816A7BB /* MontserratAlternates-Medium.ttf in Resources */ = {isa = PBXBuildFile; fileRef = 6022D60CF76147A9B188119F /* MontserratAlternates-Medium.ttf */; };
		4008771938C040F9B07D37A2 /* BaiJamjuree-MediumItalic.ttf in Resources */ = {isa = PBXBuildFile; fileRef = 8CE23066D0CF48388B12653B /* BaiJamjuree-MediumItalic.ttf */; };
		432978C1FFDC4A6CBCC6DAB3 /* MontserratAlternates-ExtraLightItalic.ttf in Resources */ = {isa = PBXBuildFile; fileRef = 09D1961825034DEC9CBE0161 /* MontserratAlternates-ExtraLightItalic.ttf */; };
		4B0AFB45C3A941C4B48F1D49 /* BaiJamjuree-Bold.ttf in Resources */ = {isa = PBXBuildFile; fileRef = AEBF2441D6A6461F9ED9B8EA /* BaiJamjuree-Bold.ttf */; };
		54AA9A3CE47D44528761427E /* BaiJamjuree-ExtraLightItalic.ttf in Resources */ = {isa = PBXBuildFile; fileRef = 060A54855846468E9F355ADD /* BaiJamjuree-ExtraLightItalic.ttf */; };
		66179DBAFA314495A865B189 /* BaiJamjuree-Medium.ttf in Resources */ = {isa = PBXBuildFile; fileRef = 2DCA849C0DA941BA837A604D /* BaiJamjuree-Medium.ttf */; };
		7699B88040F8A987B510C191 /* libPods-FoodDeliveryApp-FoodDeliveryAppTests.a in Frameworks */ = {isa = PBXBuildFile; fileRef = 19F6CBCC0A4E27FBF8BF4A61 /* libPods-FoodDeliveryApp-FoodDeliveryAppTests.a */; };
		81AB9BB82411601600AC10FF /* LaunchScreen.storyboard in Resources */ = {isa = PBXBuildFile; fileRef = 81AB9BB72411601600AC10FF /* LaunchScreen.storyboard */; };
		81E09FC71E5E44F88EE343E7 /* MontserratAlternates-Black.ttf in Resources */ = {isa = PBXBuildFile; fileRef = 83E0F7052E134B0E89FBB162 /* MontserratAlternates-Black.ttf */; };
		87F0B6D43C1E4FB68A6F3747 /* BaiJamjuree-SemiBold.ttf in Resources */ = {isa = PBXBuildFile; fileRef = 3FE32E6AE8C74CE89C6F2636 /* BaiJamjuree-SemiBold.ttf */; };
		96C9DE9B027C4C06B594800D /* MontserratAlternates-Italic.ttf in Resources */ = {isa = PBXBuildFile; fileRef = BB507D59408A451C81C8F4D2 /* MontserratAlternates-Italic.ttf */; };
		999FBFD8C7F9403CB439A60F /* MontserratAlternates-Light.ttf in Resources */ = {isa = PBXBuildFile; fileRef = A4729FC713A34F93B85A91B1 /* MontserratAlternates-Light.ttf */; };
		9B558E0C013941EA8385D523 /* MontserratAlternates-SemiBoldItalic.ttf in Resources */ = {isa = PBXBuildFile; fileRef = B946018E525547FEBF1944CD /* MontserratAlternates-SemiBoldItalic.ttf */; };
		9FE226A0C9644F958D7D7F55 /* MontserratAlternates-ExtraBoldItalic.ttf in Resources */ = {isa = PBXBuildFile; fileRef = C8FE342795C44B18988024B8 /* MontserratAlternates-ExtraBoldItalic.ttf */; };
		A3F9F1DD38D64D8E881DE455 /* MontserratAlternates-ExtraLight.ttf in Resources */ = {isa = PBXBuildFile; fileRef = 21EE3560F3004BD2A266E280 /* MontserratAlternates-ExtraLight.ttf */; };
		A607D737A08247C29B818DB2 /* MontserratAlternates-SemiBold.ttf in Resources */ = {isa = PBXBuildFile; fileRef = 635E6A34910F498FAA18474A /* MontserratAlternates-SemiBold.ttf */; };
		A8C3CC0A11164D4E9BE883CB /* MontserratAlternates-LightItalic.ttf in Resources */ = {isa = PBXBuildFile; fileRef = 49B774EB87A24856888BBD6C /* MontserratAlternates-LightItalic.ttf */; };
		BACCCB6CB6FF4759AC71E2A8 /* BaiJamjuree-BoldItalic.ttf in Resources */ = {isa = PBXBuildFile; fileRef = FE7A27C8C75F4118895C36D9 /* BaiJamjuree-BoldItalic.ttf */; };
		BC4B067A547645C4AAB2A369 /* BaiJamjuree-LightItalic.ttf in Resources */ = {isa = PBXBuildFile; fileRef = 0E4A440A09974354BBF5C83C /* BaiJamjuree-LightItalic.ttf */; };
		C9EDCE0BE4894B9E8D5F3595 /* MontserratAlternates-MediumItalic.ttf in Resources */ = {isa = PBXBuildFile; fileRef = 3DB24C66BBAC4AB3B350C0D4 /* MontserratAlternates-MediumItalic.ttf */; };
		CAB038CE157B4D2D8D48FCBF /* MontserratAlternates-Thin.ttf in Resources */ = {isa = PBXBuildFile; fileRef = DB16B876F0694E618333045D /* MontserratAlternates-Thin.ttf */; };
		D3A9F945CED743EB8853A719 /* MontserratAlternates-Regular.ttf in Resources */ = {isa = PBXBuildFile; fileRef = C365C209FC9247B3A714D6C8 /* MontserratAlternates-Regular.ttf */; };
		D40BDDD3E43148ACAE7D8E1C /* MontserratAlternates-ThinItalic.ttf in Resources */ = {isa = PBXBuildFile; fileRef = B3861C848DD146D6A0996FEC /* MontserratAlternates-ThinItalic.ttf */; };
		E33546F2286ACC1030452E6F /* PrivacyInfo.xcprivacy in Resources */ = {isa = PBXBuildFile; fileRef = 2DAA7E671B7EA75F11A7357F /* PrivacyInfo.xcprivacy */; };
		E60A001DDBC84730B2BF4098 /* MontserratAlternates-BlackItalic.ttf in Resources */ = {isa = PBXBuildFile; fileRef = AFCCB454303746E6BFB6D829 /* MontserratAlternates-BlackItalic.ttf */; };
		EB30D2893D6F45A983EEF7FC /* MontserratAlternates-ExtraBold.ttf in Resources */ = {isa = PBXBuildFile; fileRef = 68FF8B45890947FC89CACD60 /* MontserratAlternates-ExtraBold.ttf */; };
		FFE91C14C5264E3EA69824C0 /* BaiJamjuree-Regular.ttf in Resources */ = {isa = PBXBuildFile; fileRef = A842B007A1AF43D9A969A0D6 /* BaiJamjuree-Regular.ttf */; };
/* End PBXBuildFile section */

/* Begin PBXContainerItemProxy section */
		00E356F41AD99517003FC87E /* PBXContainerItemProxy */ = {
			isa = PBXContainerItemProxy;
			containerPortal = 83CBB9F71A601CBA00E9B192 /* Project object */;
			proxyType = 1;
			remoteGlobalIDString = 13B07F861A680F5B00A75B9A;
			remoteInfo = FoodDeliveryApp;
		};
/* End PBXContainerItemProxy section */

/* Begin PBXFileReference section */
		00E356EE1AD99517003FC87E /* FoodDeliveryAppTests.xctest */ = {isa = PBXFileReference; explicitFileType = wrapper.cfbundle; includeInIndex = 0; path = FoodDeliveryAppTests.xctest; sourceTree = BUILT_PRODUCTS_DIR; };
		00E356F11AD99517003FC87E /* Info.plist */ = {isa = PBXFileReference; lastKnownFileType = text.plist.xml; path = Info.plist; sourceTree = "<group>"; };
		00E356F21AD99517003FC87E /* FoodDeliveryAppTests.m */ = {isa = PBXFileReference; lastKnownFileType = sourcecode.c.objc; path = FoodDeliveryAppTests.m; sourceTree = "<group>"; };
		060A54855846468E9F355ADD /* BaiJamjuree-ExtraLightItalic.ttf */ = {isa = PBXFileReference; explicitFileType = undefined; fileEncoding = undefined; includeInIndex = 0; lastKnownFileType = unknown; name = "BaiJamjuree-ExtraLightItalic.ttf"; path = "../src/assets/fonts/BaiJamjuree-ExtraLightItalic.ttf"; sourceTree = "<group>"; };
		09D1961825034DEC9CBE0161 /* MontserratAlternates-ExtraLightItalic.ttf */ = {isa = PBXFileReference; explicitFileType = undefined; fileEncoding = undefined; includeInIndex = 0; lastKnownFileType = unknown; name = "MontserratAlternates-ExtraLightItalic.ttf"; path = "../src/assets/fonts/MontserratAlternates-ExtraLightItalic.ttf"; sourceTree = "<group>"; };
		0E4A440A09974354BBF5C83C /* BaiJamjuree-LightItalic.ttf */ = {isa = PBXFileReference; explicitFileType = undefined; fileEncoding = undefined; includeInIndex = 0; lastKnownFileType = unknown; name = "BaiJamjuree-LightItalic.ttf"; path = "../src/assets/fonts/BaiJamjuree-LightItalic.ttf"; sourceTree = "<group>"; };
		13B07F961A680F5B00A75B9A /* FoodDeliveryApp.app */ = {isa = PBXFileReference; explicitFileType = wrapper.application; includeInIndex = 0; path = FoodDeliveryApp.app; sourceTree = BUILT_PRODUCTS_DIR; };
		13B07FAF1A68108700A75B9A /* AppDelegate.h */ = {isa = PBXFileReference; fileEncoding = 4; lastKnownFileType = sourcecode.c.h; name = AppDelegate.h; path = FoodDeliveryApp/AppDelegate.h; sourceTree = "<group>"; };
		13B07FB01A68108700A75B9A /* AppDelegate.mm */ = {isa = PBXFileReference; fileEncoding = 4; lastKnownFileType = sourcecode.cpp.objcpp; name = AppDelegate.mm; path = FoodDeliveryApp/AppDelegate.mm; sourceTree = "<group>"; };
		13B07FB51A68108700A75B9A /* Images.xcassets */ = {isa = PBXFileReference; lastKnownFileType = folder.assetcatalog; name = Images.xcassets; path = FoodDeliveryApp/Images.xcassets; sourceTree = "<group>"; };
		13B07FB61A68108700A75B9A /* Info.plist */ = {isa = PBXFileReference; fileEncoding = 4; lastKnownFileType = text.plist.xml; name = Info.plist; path = FoodDeliveryApp/Info.plist; sourceTree = "<group>"; };
		13B07FB71A68108700A75B9A /* main.m */ = {isa = PBXFileReference; fileEncoding = 4; lastKnownFileType = sourcecode.c.objc; name = main.m; path = FoodDeliveryApp/main.m; sourceTree = "<group>"; };
		13B07FB81A68108700A75B9A /* PrivacyInfo.xcprivacy */ = {isa = PBXFileReference; fileEncoding = 4; lastKnownFileType = text.plist.xml; name = PrivacyInfo.xcprivacy; path = FoodDeliveryApp/PrivacyInfo.xcprivacy; sourceTree = "<group>"; };
		19F6CBCC0A4E27FBF8BF4A61 /* libPods-FoodDeliveryApp-FoodDeliveryAppTests.a */ = {isa = PBXFileReference; explicitFileType = archive.ar; includeInIndex = 0; path = "libPods-FoodDeliveryApp-FoodDeliveryAppTests.a"; sourceTree = BUILT_PRODUCTS_DIR; };
		21EE3560F3004BD2A266E280 /* MontserratAlternates-ExtraLight.ttf */ = {isa = PBXFileReference; explicitFileType = undefined; fileEncoding = undefined; includeInIndex = 0; lastKnownFileType = unknown; name = "MontserratAlternates-ExtraLight.ttf"; path = "../src/assets/fonts/MontserratAlternates-ExtraLight.ttf"; sourceTree = "<group>"; };
		2DAA7E671B7EA75F11A7357F /* PrivacyInfo.xcprivacy */ = {isa = PBXFileReference; includeInIndex = 1; name = PrivacyInfo.xcprivacy; path = FoodDeliveryApp/PrivacyInfo.xcprivacy; sourceTree = "<group>"; };
		2DCA849C0DA941BA837A604D /* BaiJamjuree-Medium.ttf */ = {isa = PBXFileReference; explicitFileType = undefined; fileEncoding = undefined; includeInIndex = 0; lastKnownFileType = unknown; name = "BaiJamjuree-Medium.ttf"; path = "../src/assets/fonts/BaiJamjuree-Medium.ttf"; sourceTree = "<group>"; };
		3B4392A12AC88292D35C810B /* Pods-FoodDeliveryApp.debug.xcconfig */ = {isa = PBXFileReference; includeInIndex = 1; lastKnownFileType = text.xcconfig; name = "Pods-FoodDeliveryApp.debug.xcconfig"; path = "Target Support Files/Pods-FoodDeliveryApp/Pods-FoodDeliveryApp.debug.xcconfig"; sourceTree = "<group>"; };
		3DB24C66BBAC4AB3B350C0D4 /* MontserratAlternates-MediumItalic.ttf */ = {isa = PBXFileReference; explicitFileType = undefined; fileEncoding = undefined; includeInIndex = 0; lastKnownFileType = unknown; name = "MontserratAlternates-MediumItalic.ttf"; path = "../src/assets/fonts/MontserratAlternates-MediumItalic.ttf"; sourceTree = "<group>"; };
		3FE32E6AE8C74CE89C6F2636 /* BaiJamjuree-SemiBold.ttf */ = {isa = PBXFileReference; explicitFileType = undefined; fileEncoding = undefined; includeInIndex = 0; lastKnownFileType = unknown; name = "BaiJamjuree-SemiBold.ttf"; path = "../src/assets/fonts/BaiJamjuree-SemiBold.ttf"; sourceTree = "<group>"; };
		49B774EB87A24856888BBD6C /* MontserratAlternates-LightItalic.ttf */ = {isa = PBXFileReference; explicitFileType = undefined; fileEncoding = undefined; includeInIndex = 0; lastKnownFileType = unknown; name = "MontserratAlternates-LightItalic.ttf"; path = "../src/assets/fonts/MontserratAlternates-LightItalic.ttf"; sourceTree = "<group>"; };
		4F86C2525E264B88AD019B93 /* BaiJamjuree-SemiBoldItalic.ttf */ = {isa = PBXFileReference; explicitFileType = undefined; fileEncoding = undefined; includeInIndex = 0; lastKnownFileType = unknown; name = "BaiJamjuree-SemiBoldItalic.ttf"; path = "../src/assets/fonts/BaiJamjuree-SemiBoldItalic.ttf"; sourceTree = "<group>"; };
		5709B34CF0A7D63546082F79 /* Pods-FoodDeliveryApp.release.xcconfig */ = {isa = PBXFileReference; includeInIndex = 1; lastKnownFileType = text.xcconfig; name = "Pods-FoodDeliveryApp.release.xcconfig"; path = "Target Support Files/Pods-FoodDeliveryApp/Pods-FoodDeliveryApp.release.xcconfig"; sourceTree = "<group>"; };
		59A7EB16D9324F0D96F713F7 /* MontserratAlternates-Bold.ttf */ = {isa = PBXFileReference; explicitFileType = undefined; fileEncoding = undefined; includeInIndex = 0; lastKnownFileType = unknown; name = "MontserratAlternates-Bold.ttf"; path = "../src/assets/fonts/MontserratAlternates-Bold.ttf"; sourceTree = "<group>"; };
		5B7EB9410499542E8C5724F5 /* Pods-FoodDeliveryApp-FoodDeliveryAppTests.debug.xcconfig */ = {isa = PBXFileReference; includeInIndex = 1; lastKnownFileType = text.xcconfig; name = "Pods-FoodDeliveryApp-FoodDeliveryAppTests.debug.xcconfig"; path = "Target Support Files/Pods-FoodDeliveryApp-FoodDeliveryAppTests/Pods-FoodDeliveryApp-FoodDeliveryAppTests.debug.xcconfig"; sourceTree = "<group>"; };
		5DCACB8F33CDC322A6C60F78 /* libPods-FoodDeliveryApp.a */ = {isa = PBXFileReference; explicitFileType = archive.ar; includeInIndex = 0; path = "libPods-FoodDeliveryApp.a"; sourceTree = BUILT_PRODUCTS_DIR; };
		5DD24466368248DA84791A21 /* MontserratAlternates-BoldItalic.ttf */ = {isa = PBXFileReference; explicitFileType = undefined; fileEncoding = undefined; includeInIndex = 0; lastKnownFileType = unknown; name = "MontserratAlternates-BoldItalic.ttf"; path = "../src/assets/fonts/MontserratAlternates-BoldItalic.ttf"; sourceTree = "<group>"; };
		6022D60CF76147A9B188119F /* MontserratAlternates-Medium.ttf */ = {isa = PBXFileReference; explicitFileType = undefined; fileEncoding = undefined; includeInIndex = 0; lastKnownFileType = unknown; name = "MontserratAlternates-Medium.ttf"; path = "../src/assets/fonts/MontserratAlternates-Medium.ttf"; sourceTree = "<group>"; };
		635E6A34910F498FAA18474A /* MontserratAlternates-SemiBold.ttf */ = {isa = PBXFileReference; explicitFileType = undefined; fileEncoding = undefined; includeInIndex = 0; lastKnownFileType = unknown; name = "MontserratAlternates-SemiBold.ttf"; path = "../src/assets/fonts/MontserratAlternates-SemiBold.ttf"; sourceTree = "<group>"; };
		68FF8B45890947FC89CACD60 /* MontserratAlternates-ExtraBold.ttf */ = {isa = PBXFileReference; explicitFileType = undefined; fileEncoding = undefined; includeInIndex = 0; lastKnownFileType = unknown; name = "MontserratAlternates-ExtraBold.ttf"; path = "../src/assets/fonts/MontserratAlternates-ExtraBold.ttf"; sourceTree = "<group>"; };
		81AB9BB72411601600AC10FF /* LaunchScreen.storyboard */ = {isa = PBXFileReference; fileEncoding = 4; lastKnownFileType = file.storyboard; name = LaunchScreen.storyboard; path = FoodDeliveryApp/LaunchScreen.storyboard; sourceTree = "<group>"; };
		83E0F7052E134B0E89FBB162 /* MontserratAlternates-Black.ttf */ = {isa = PBXFileReference; explicitFileType = undefined; fileEncoding = undefined; includeInIndex = 0; lastKnownFileType = unknown; name = "MontserratAlternates-Black.ttf"; path = "../src/assets/fonts/MontserratAlternates-Black.ttf"; sourceTree = "<group>"; };
		89C6BE57DB24E9ADA2F236DE /* Pods-FoodDeliveryApp-FoodDeliveryAppTests.release.xcconfig */ = {isa = PBXFileReference; includeInIndex = 1; lastKnownFileType = text.xcconfig; name = "Pods-FoodDeliveryApp-FoodDeliveryAppTests.release.xcconfig"; path = "Target Support Files/Pods-FoodDeliveryApp-FoodDeliveryAppTests/Pods-FoodDeliveryApp-FoodDeliveryAppTests.release.xcconfig"; sourceTree = "<group>"; };
		8CE23066D0CF48388B12653B /* BaiJamjuree-MediumItalic.ttf */ = {isa = PBXFileReference; explicitFileType = undefined; fileEncoding = undefined; includeInIndex = 0; lastKnownFileType = unknown; name = "BaiJamjuree-MediumItalic.ttf"; path = "../src/assets/fonts/BaiJamjuree-MediumItalic.ttf"; sourceTree = "<group>"; };
		9A6013CD03BF486BB96B746E /* BaiJamjuree-Italic.ttf */ = {isa = PBXFileReference; explicitFileType = undefined; fileEncoding = undefined; includeInIndex = 0; lastKnownFileType = unknown; name = "BaiJamjuree-Italic.ttf"; path = "../src/assets/fonts/BaiJamjuree-Italic.ttf"; sourceTree = "<group>"; };
		A0DC7076B715451688531CB4 /* BaiJamjuree-Light.ttf */ = {isa = PBXFileReference; explicitFileType = undefined; fileEncoding = undefined; includeInIndex = 0; lastKnownFileType = unknown; name = "BaiJamjuree-Light.ttf"; path = "../src/assets/fonts/BaiJamjuree-Light.ttf"; sourceTree = "<group>"; };
		A2543A55C5684061B26CAD96 /* BaiJamjuree-ExtraLight.ttf */ = {isa = PBXFileReference; explicitFileType = undefined; fileEncoding = undefined; includeInIndex = 0; lastKnownFileType = unknown; name = "BaiJamjuree-ExtraLight.ttf"; path = "../src/assets/fonts/BaiJamjuree-ExtraLight.ttf"; sourceTree = "<group>"; };
		A4729FC713A34F93B85A91B1 /* MontserratAlternates-Light.ttf */ = {isa = PBXFileReference; explicitFileType = undefined; fileEncoding = undefined; includeInIndex = 0; lastKnownFileType = unknown; name = "MontserratAlternates-Light.ttf"; path = "../src/assets/fonts/MontserratAlternates-Light.ttf"; sourceTree = "<group>"; };
		A842B007A1AF43D9A969A0D6 /* BaiJamjuree-Regular.ttf */ = {isa = PBXFileReference; explicitFileType = undefined; fileEncoding = undefined; includeInIndex = 0; lastKnownFileType = unknown; name = "BaiJamjuree-Regular.ttf"; path = "../src/assets/fonts/BaiJamjuree-Regular.ttf"; sourceTree = "<group>"; };
		AEBF2441D6A6461F9ED9B8EA /* BaiJamjuree-Bold.ttf */ = {isa = PBXFileReference; explicitFileType = undefined; fileEncoding = undefined; includeInIndex = 0; lastKnownFileType = unknown; name = "BaiJamjuree-Bold.ttf"; path = "../src/assets/fonts/BaiJamjuree-Bold.ttf"; sourceTree = "<group>"; };
		AFCCB454303746E6BFB6D829 /* MontserratAlternates-BlackItalic.ttf */ = {isa = PBXFileReference; explicitFileType = undefined; fileEncoding = undefined; includeInIndex = 0; lastKnownFileType = unknown; name = "MontserratAlternates-BlackItalic.ttf"; path = "../src/assets/fonts/MontserratAlternates-BlackItalic.ttf"; sourceTree = "<group>"; };
		B3861C848DD146D6A0996FEC /* MontserratAlternates-ThinItalic.ttf */ = {isa = PBXFileReference; explicitFileType = undefined; fileEncoding = undefined; includeInIndex = 0; lastKnownFileType = unknown; name = "MontserratAlternates-ThinItalic.ttf"; path = "../src/assets/fonts/MontserratAlternates-ThinItalic.ttf"; sourceTree = "<group>"; };
		B946018E525547FEBF1944CD /* MontserratAlternates-SemiBoldItalic.ttf */ = {isa = PBXFileReference; explicitFileType = undefined; fileEncoding = undefined; includeInIndex = 0; lastKnownFileType = unknown; name = "MontserratAlternates-SemiBoldItalic.ttf"; path = "../src/assets/fonts/MontserratAlternates-SemiBoldItalic.ttf"; sourceTree = "<group>"; };
		BB507D59408A451C81C8F4D2 /* MontserratAlternates-Italic.ttf */ = {isa = PBXFileReference; explicitFileType = undefined; fileEncoding = undefined; includeInIndex = 0; lastKnownFileType = unknown; name = "MontserratAlternates-Italic.ttf"; path = "../src/assets/fonts/MontserratAlternates-Italic.ttf"; sourceTree = "<group>"; };
		C365C209FC9247B3A714D6C8 /* MontserratAlternates-Regular.ttf */ = {isa = PBXFileReference; explicitFileType = undefined; fileEncoding = undefined; includeInIndex = 0; lastKnownFileType = unknown; name = "MontserratAlternates-Regular.ttf"; path = "../src/assets/fonts/MontserratAlternates-Regular.ttf"; sourceTree = "<group>"; };
		C8FE342795C44B18988024B8 /* MontserratAlternates-ExtraBoldItalic.ttf */ = {isa = PBXFileReference; explicitFileType = undefined; fileEncoding = undefined; includeInIndex = 0; lastKnownFileType = unknown; name = "MontserratAlternates-ExtraBoldItalic.ttf"; path = "../src/assets/fonts/MontserratAlternates-ExtraBoldItalic.ttf"; sourceTree = "<group>"; };
		DB16B876F0694E618333045D /* MontserratAlternates-Thin.ttf */ = {isa = PBXFileReference; explicitFileType = undefined; fileEncoding = undefined; includeInIndex = 0; lastKnownFileType = unknown; name = "MontserratAlternates-Thin.ttf"; path = "../src/assets/fonts/MontserratAlternates-Thin.ttf"; sourceTree = "<group>"; };
		ED297162215061F000B7C4FE /* JavaScriptCore.framework */ = {isa = PBXFileReference; lastKnownFileType = wrapper.framework; name = JavaScriptCore.framework; path = System/Library/Frameworks/JavaScriptCore.framework; sourceTree = SDKROOT; };
		FE7A27C8C75F4118895C36D9 /* BaiJamjuree-BoldItalic.ttf */ = {isa = PBXFileReference; explicitFileType = undefined; fileEncoding = undefined; includeInIndex = 0; lastKnownFileType = unknown; name = "BaiJamjuree-BoldItalic.ttf"; path = "../src/assets/fonts/BaiJamjuree-BoldItalic.ttf"; sourceTree = "<group>"; };
/* End PBXFileReference section */

/* Begin PBXFrameworksBuildPhase section */
		00E356EB1AD99517003FC87E /* Frameworks */ = {
			isa = PBXFrameworksBuildPhase;
			buildActionMask = 2147483647;
			files = (
				7699B88040F8A987B510C191 /* libPods-FoodDeliveryApp-FoodDeliveryAppTests.a in Frameworks */,
			);
			runOnlyForDeploymentPostprocessing = 0;
		};
		13B07F8C1A680F5B00A75B9A /* Frameworks */ = {
			isa = PBXFrameworksBuildPhase;
			buildActionMask = 2147483647;
			files = (
				0C80B921A6F3F58F76C31292 /* libPods-FoodDeliveryApp.a in Frameworks */,
			);
			runOnlyForDeploymentPostprocessing = 0;
		};
/* End PBXFrameworksBuildPhase section */

/* Begin PBXGroup section */
		00E356EF1AD99517003FC87E /* FoodDeliveryAppTests */ = {
			isa = PBXGroup;
			children = (
				00E356F21AD99517003FC87E /* FoodDeliveryAppTests.m */,
				00E356F01AD99517003FC87E /* Supporting Files */,
			);
			path = FoodDeliveryAppTests;
			sourceTree = "<group>";
		};
		00E356F01AD99517003FC87E /* Supporting Files */ = {
			isa = PBXGroup;
			children = (
				00E356F11AD99517003FC87E /* Info.plist */,
			);
			name = "Supporting Files";
			sourceTree = "<group>";
		};
		13B07FAE1A68108700A75B9A /* FoodDeliveryApp */ = {
			isa = PBXGroup;
			children = (
				13B07FAF1A68108700A75B9A /* AppDelegate.h */,
				13B07FB01A68108700A75B9A /* AppDelegate.mm */,
				13B07FB51A68108700A75B9A /* Images.xcassets */,
				13B07FB61A68108700A75B9A /* Info.plist */,
				81AB9BB72411601600AC10FF /* LaunchScreen.storyboard */,
				13B07FB71A68108700A75B9A /* main.m */,
				13B07FB81A68108700A75B9A /* PrivacyInfo.xcprivacy */,
				2DAA7E671B7EA75F11A7357F /* PrivacyInfo.xcprivacy */,
			);
			name = FoodDeliveryApp;
			sourceTree = "<group>";
		};
		2D16E6871FA4F8E400B85C8A /* Frameworks */ = {
			isa = PBXGroup;
			children = (
				ED297162215061F000B7C4FE /* JavaScriptCore.framework */,
				5DCACB8F33CDC322A6C60F78 /* libPods-FoodDeliveryApp.a */,
				19F6CBCC0A4E27FBF8BF4A61 /* libPods-FoodDeliveryApp-FoodDeliveryAppTests.a */,
			);
			name = Frameworks;
			sourceTree = "<group>";
		};
		832341AE1AAA6A7D00B99B32 /* Libraries */ = {
			isa = PBXGroup;
			children = (
			);
			name = Libraries;
			sourceTree = "<group>";
		};
		83CBB9F61A601CBA00E9B192 = {
			isa = PBXGroup;
			children = (
				13B07FAE1A68108700A75B9A /* FoodDeliveryApp */,
				832341AE1AAA6A7D00B99B32 /* Libraries */,
				00E356EF1AD99517003FC87E /* FoodDeliveryAppTests */,
				83CBBA001A601CBA00E9B192 /* Products */,
				2D16E6871FA4F8E400B85C8A /* Frameworks */,
				BBD78D7AC51CEA395F1C20DB /* Pods */,
				A76474AF035C4201BF8581C7 /* Resources */,
			);
			indentWidth = 2;
			sourceTree = "<group>";
			tabWidth = 2;
			usesTabs = 0;
		};
		83CBBA001A601CBA00E9B192 /* Products */ = {
			isa = PBXGroup;
			children = (
				13B07F961A680F5B00A75B9A /* FoodDeliveryApp.app */,
				00E356EE1AD99517003FC87E /* FoodDeliveryAppTests.xctest */,
			);
			name = Products;
			sourceTree = "<group>";
		};
		A76474AF035C4201BF8581C7 /* Resources */ = {
			isa = PBXGroup;
			children = (
				AEBF2441D6A6461F9ED9B8EA /* BaiJamjuree-Bold.ttf */,
				FE7A27C8C75F4118895C36D9 /* BaiJamjuree-BoldItalic.ttf */,
				A2543A55C5684061B26CAD96 /* BaiJamjuree-ExtraLight.ttf */,
				060A54855846468E9F355ADD /* BaiJamjuree-ExtraLightItalic.ttf */,
				9A6013CD03BF486BB96B746E /* BaiJamjuree-Italic.ttf */,
				A0DC7076B715451688531CB4 /* BaiJamjuree-Light.ttf */,
				0E4A440A09974354BBF5C83C /* BaiJamjuree-LightItalic.ttf */,
				2DCA849C0DA941BA837A604D /* BaiJamjuree-Medium.ttf */,
				8CE23066D0CF48388B12653B /* BaiJamjuree-MediumItalic.ttf */,
				A842B007A1AF43D9A969A0D6 /* BaiJamjuree-Regular.ttf */,
				3FE32E6AE8C74CE89C6F2636 /* BaiJamjuree-SemiBold.ttf */,
				4F86C2525E264B88AD019B93 /* BaiJamjuree-SemiBoldItalic.ttf */,
				83E0F7052E134B0E89FBB162 /* MontserratAlternates-Black.ttf */,
				AFCCB454303746E6BFB6D829 /* MontserratAlternates-BlackItalic.ttf */,
				59A7EB16D9324F0D96F713F7 /* MontserratAlternates-Bold.ttf */,
				5DD24466368248DA84791A21 /* MontserratAlternates-BoldItalic.ttf */,
				68FF8B45890947FC89CACD60 /* MontserratAlternates-ExtraBold.ttf */,
				C8FE342795C44B18988024B8 /* MontserratAlternates-ExtraBoldItalic.ttf */,
				21EE3560F3004BD2A266E280 /* MontserratAlternates-ExtraLight.ttf */,
				09D1961825034DEC9CBE0161 /* MontserratAlternates-ExtraLightItalic.ttf */,
				BB507D59408A451C81C8F4D2 /* MontserratAlternates-Italic.ttf */,
				A4729FC713A34F93B85A91B1 /* MontserratAlternates-Light.ttf */,
				49B774EB87A24856888BBD6C /* MontserratAlternates-LightItalic.ttf */,
				6022D60CF76147A9B188119F /* MontserratAlternates-Medium.ttf */,
				3DB24C66BBAC4AB3B350C0D4 /* MontserratAlternates-MediumItalic.ttf */,
				C365C209FC9247B3A714D6C8 /* MontserratAlternates-Regular.ttf */,
				635E6A34910F498FAA18474A /* MontserratAlternates-SemiBold.ttf */,
				B946018E525547FEBF1944CD /* MontserratAlternates-SemiBoldItalic.ttf */,
				DB16B876F0694E618333045D /* MontserratAlternates-Thin.ttf */,
				B3861C848DD146D6A0996FEC /* MontserratAlternates-ThinItalic.ttf */,
			);
			name = Resources;
			path = "";
			sourceTree = "<group>";
		};
		BBD78D7AC51CEA395F1C20DB /* Pods */ = {
			isa = PBXGroup;
			children = (
				3B4392A12AC88292D35C810B /* Pods-FoodDeliveryApp.debug.xcconfig */,
				5709B34CF0A7D63546082F79 /* Pods-FoodDeliveryApp.release.xcconfig */,
				5B7EB9410499542E8C5724F5 /* Pods-FoodDeliveryApp-FoodDeliveryAppTests.debug.xcconfig */,
				89C6BE57DB24E9ADA2F236DE /* Pods-FoodDeliveryApp-FoodDeliveryAppTests.release.xcconfig */,
			);
			path = Pods;
			sourceTree = "<group>";
		};
/* End PBXGroup section */

/* Begin PBXNativeTarget section */
		00E356ED1AD99517003FC87E /* FoodDeliveryAppTests */ = {
			isa = PBXNativeTarget;
			buildConfigurationList = 00E357021AD99517003FC87E /* Build configuration list for PBXNativeTarget "FoodDeliveryAppTests" */;
			buildPhases = (
				A55EABD7B0C7F3A422A6CC61 /* [CP] Check Pods Manifest.lock */,
				00E356EA1AD99517003FC87E /* Sources */,
				00E356EB1AD99517003FC87E /* Frameworks */,
				00E356EC1AD99517003FC87E /* Resources */,
				C59DA0FBD6956966B86A3779 /* [CP] Embed Pods Frameworks */,
				F6A41C54EA430FDDC6A6ED99 /* [CP] Copy Pods Resources */,
			);
			buildRules = (
			);
			dependencies = (
				00E356F51AD99517003FC87E /* PBXTargetDependency */,
			);
			name = FoodDeliveryAppTests;
			productName = FoodDeliveryAppTests;
			productReference = 00E356EE1AD99517003FC87E /* FoodDeliveryAppTests.xctest */;
			productType = "com.apple.product-type.bundle.unit-test";
		};
		13B07F861A680F5B00A75B9A /* FoodDeliveryApp */ = {
			isa = PBXNativeTarget;
			buildConfigurationList = 13B07F931A680F5B00A75B9A /* Build configuration list for PBXNativeTarget "FoodDeliveryApp" */;
			buildPhases = (
				C38B50BA6285516D6DCD4F65 /* [CP] Check Pods Manifest.lock */,
				13B07F871A680F5B00A75B9A /* Sources */,
				13B07F8C1A680F5B00A75B9A /* Frameworks */,
				13B07F8E1A680F5B00A75B9A /* Resources */,
				00DD1BFF1BD5951E006B06BC /* Bundle React Native code and images */,
				00EEFC60759A1932668264C0 /* [CP] Embed Pods Frameworks */,
				E235C05ADACE081382539298 /* [CP] Copy Pods Resources */,
			);
			buildRules = (
			);
			dependencies = (
			);
			name = FoodDeliveryApp;
			productName = FoodDeliveryApp;
			productReference = 13B07F961A680F5B00A75B9A /* FoodDeliveryApp.app */;
			productType = "com.apple.product-type.application";
		};
/* End PBXNativeTarget section */

/* Begin PBXProject section */
		83CBB9F71A601CBA00E9B192 /* Project object */ = {
			isa = PBXProject;
			attributes = {
				LastUpgradeCheck = 1210;
				TargetAttributes = {
					00E356ED1AD99517003FC87E = {
						CreatedOnToolsVersion = 6.2;
						TestTargetID = 13B07F861A680F5B00A75B9A;
					};
					13B07F861A680F5B00A75B9A = {
						LastSwiftMigration = 1120;
					};
				};
			};
			buildConfigurationList = 83CBB9FA1A601CBA00E9B192 /* Build configuration list for PBXProject "FoodDeliveryApp" */;
			compatibilityVersion = "Xcode 12.0";
			developmentRegion = en;
			hasScannedForEncodings = 0;
			knownRegions = (
				en,
				Base,
			);
			mainGroup = 83CBB9F61A601CBA00E9B192;
			productRefGroup = 83CBBA001A601CBA00E9B192 /* Products */;
			projectDirPath = "";
			projectRoot = "";
			targets = (
				13B07F861A680F5B00A75B9A /* FoodDeliveryApp */,
				00E356ED1AD99517003FC87E /* FoodDeliveryAppTests */,
			);
		};
/* End PBXProject section */

/* Begin PBXResourcesBuildPhase section */
		00E356EC1AD99517003FC87E /* Resources */ = {
			isa = PBXResourcesBuildPhase;
			buildActionMask = 2147483647;
			files = (
			);
			runOnlyForDeploymentPostprocessing = 0;
		};
		13B07F8E1A680F5B00A75B9A /* Resources */ = {
			isa = PBXResourcesBuildPhase;
			buildActionMask = 2147483647;
			files = (
				81AB9BB82411601600AC10FF /* LaunchScreen.storyboard in Resources */,
				13B07FBF1A68108700A75B9A /* Images.xcassets in Resources */,
				E33546F2286ACC1030452E6F /* PrivacyInfo.xcprivacy in Resources */,
				4B0AFB45C3A941C4B48F1D49 /* BaiJamjuree-Bold.ttf in Resources */,
				BACCCB6CB6FF4759AC71E2A8 /* BaiJamjuree-BoldItalic.ttf in Resources */,
				187736C9E03C420B8482FBDC /* BaiJamjuree-ExtraLight.ttf in Resources */,
				54AA9A3CE47D44528761427E /* BaiJamjuree-ExtraLightItalic.ttf in Resources */,
				258022C4675E44239EE6CAC8 /* BaiJamjuree-Italic.ttf in Resources */,
				08DCA0F2BC23454FB8877318 /* BaiJamjuree-Light.ttf in Resources */,
				BC4B067A547645C4AAB2A369 /* BaiJamjuree-LightItalic.ttf in Resources */,
				66179DBAFA314495A865B189 /* BaiJamjuree-Medium.ttf in Resources */,
				4008771938C040F9B07D37A2 /* BaiJamjuree-MediumItalic.ttf in Resources */,
				FFE91C14C5264E3EA69824C0 /* BaiJamjuree-Regular.ttf in Resources */,
				87F0B6D43C1E4FB68A6F3747 /* BaiJamjuree-SemiBold.ttf in Resources */,
				3015A2B03F054EAC935016C5 /* BaiJamjuree-SemiBoldItalic.ttf in Resources */,
				81E09FC71E5E44F88EE343E7 /* MontserratAlternates-Black.ttf in Resources */,
				E60A001DDBC84730B2BF4098 /* MontserratAlternates-BlackItalic.ttf in Resources */,
				1A0EB0F67DB94921A90EDD17 /* MontserratAlternates-Bold.ttf in Resources */,
				2D9CD86C9FCE47A7AF1B3CA0 /* MontserratAlternates-BoldItalic.ttf in Resources */,
				EB30D2893D6F45A983EEF7FC /* MontserratAlternates-ExtraBold.ttf in Resources */,
				9FE226A0C9644F958D7D7F55 /* MontserratAlternates-ExtraBoldItalic.ttf in Resources */,
				A3F9F1DD38D64D8E881DE455 /* MontserratAlternates-ExtraLight.ttf in Resources */,
				432978C1FFDC4A6CBCC6DAB3 /* MontserratAlternates-ExtraLightItalic.ttf in Resources */,
				96C9DE9B027C4C06B594800D /* MontserratAlternates-Italic.ttf in Resources */,
				999FBFD8C7F9403CB439A60F /* MontserratAlternates-Light.ttf in Resources */,
				A8C3CC0A11164D4E9BE883CB /* MontserratAlternates-LightItalic.ttf in Resources */,
				340FD3216A274E8C9816A7BB /* MontserratAlternates-Medium.ttf in Resources */,
				C9EDCE0BE4894B9E8D5F3595 /* MontserratAlternates-MediumItalic.ttf in Resources */,
				D3A9F945CED743EB8853A719 /* MontserratAlternates-Regular.ttf in Resources */,
				A607D737A08247C29B818DB2 /* MontserratAlternates-SemiBold.ttf in Resources */,
				9B558E0C013941EA8385D523 /* MontserratAlternates-SemiBoldItalic.ttf in Resources */,
				CAB038CE157B4D2D8D48FCBF /* MontserratAlternates-Thin.ttf in Resources */,
				D40BDDD3E43148ACAE7D8E1C /* MontserratAlternates-ThinItalic.ttf in Resources */,
			);
			runOnlyForDeploymentPostprocessing = 0;
		};
/* End PBXResourcesBuildPhase section */

/* Begin PBXShellScriptBuildPhase section */
		00DD1BFF1BD5951E006B06BC /* Bundle React Native code and images */ = {
			isa = PBXShellScriptBuildPhase;
			buildActionMask = 2147483647;
			files = (
			);
			inputPaths = (
				"$(SRCROOT)/.xcode.env.local",
				"$(SRCROOT)/.xcode.env",
			);
			name = "Bundle React Native code and images";
			outputPaths = (
			);
			runOnlyForDeploymentPostprocessing = 0;
			shellPath = /bin/sh;
			shellScript = "set -e\n\nWITH_ENVIRONMENT=\"$REACT_NATIVE_PATH/scripts/xcode/with-environment.sh\"\nREACT_NATIVE_XCODE=\"$REACT_NATIVE_PATH/scripts/react-native-xcode.sh\"\n\n/bin/sh -c \"$WITH_ENVIRONMENT $REACT_NATIVE_XCODE\"\n";
		};
		00EEFC60759A1932668264C0 /* [CP] Embed Pods Frameworks */ = {
			isa = PBXShellScriptBuildPhase;
			buildActionMask = 2147483647;
			files = (
			);
			inputFileListPaths = (
				"${PODS_ROOT}/Target Support Files/Pods-FoodDeliveryApp/Pods-FoodDeliveryApp-frameworks-${CONFIGURATION}-input-files.xcfilelist",
			);
			name = "[CP] Embed Pods Frameworks";
			outputFileListPaths = (
				"${PODS_ROOT}/Target Support Files/Pods-FoodDeliveryApp/Pods-FoodDeliveryApp-frameworks-${CONFIGURATION}-output-files.xcfilelist",
			);
			runOnlyForDeploymentPostprocessing = 0;
			shellPath = /bin/sh;
			shellScript = "\"${PODS_ROOT}/Target Support Files/Pods-FoodDeliveryApp/Pods-FoodDeliveryApp-frameworks.sh\"\n";
			showEnvVarsInLog = 0;
		};
		A55EABD7B0C7F3A422A6CC61 /* [CP] Check Pods Manifest.lock */ = {
			isa = PBXShellScriptBuildPhase;
			buildActionMask = 2147483647;
			files = (
			);
			inputFileListPaths = (
			);
			inputPaths = (
				"${PODS_PODFILE_DIR_PATH}/Podfile.lock",
				"${PODS_ROOT}/Manifest.lock",
			);
			name = "[CP] Check Pods Manifest.lock";
			outputFileListPaths = (
			);
			outputPaths = (
				"$(DERIVED_FILE_DIR)/Pods-FoodDeliveryApp-FoodDeliveryAppTests-checkManifestLockResult.txt",
			);
			runOnlyForDeploymentPostprocessing = 0;
			shellPath = /bin/sh;
			shellScript = "diff \"${PODS_PODFILE_DIR_PATH}/Podfile.lock\" \"${PODS_ROOT}/Manifest.lock\" > /dev/null\nif [ $? != 0 ] ; then\n    # print error to STDERR\n    echo \"error: The sandbox is not in sync with the Podfile.lock. Run 'pod install' or update your CocoaPods installation.\" >&2\n    exit 1\nfi\n# This output is used by Xcode 'outputs' to avoid re-running this script phase.\necho \"SUCCESS\" > \"${SCRIPT_OUTPUT_FILE_0}\"\n";
			showEnvVarsInLog = 0;
		};
		C38B50BA6285516D6DCD4F65 /* [CP] Check Pods Manifest.lock */ = {
			isa = PBXShellScriptBuildPhase;
			buildActionMask = 2147483647;
			files = (
			);
			inputFileListPaths = (
			);
			inputPaths = (
				"${PODS_PODFILE_DIR_PATH}/Podfile.lock",
				"${PODS_ROOT}/Manifest.lock",
			);
			name = "[CP] Check Pods Manifest.lock";
			outputFileListPaths = (
			);
			outputPaths = (
				"$(DERIVED_FILE_DIR)/Pods-FoodDeliveryApp-checkManifestLockResult.txt",
			);
			runOnlyForDeploymentPostprocessing = 0;
			shellPath = /bin/sh;
			shellScript = "diff \"${PODS_PODFILE_DIR_PATH}/Podfile.lock\" \"${PODS_ROOT}/Manifest.lock\" > /dev/null\nif [ $? != 0 ] ; then\n    # print error to STDERR\n    echo \"error: The sandbox is not in sync with the Podfile.lock. Run 'pod install' or update your CocoaPods installation.\" >&2\n    exit 1\nfi\n# This output is used by Xcode 'outputs' to avoid re-running this script phase.\necho \"SUCCESS\" > \"${SCRIPT_OUTPUT_FILE_0}\"\n";
			showEnvVarsInLog = 0;
		};
		C59DA0FBD6956966B86A3779 /* [CP] Embed Pods Frameworks */ = {
			isa = PBXShellScriptBuildPhase;
			buildActionMask = 2147483647;
			files = (
			);
			inputFileListPaths = (
				"${PODS_ROOT}/Target Support Files/Pods-FoodDeliveryApp-FoodDeliveryAppTests/Pods-FoodDeliveryApp-FoodDeliveryAppTests-frameworks-${CONFIGURATION}-input-files.xcfilelist",
			);
			name = "[CP] Embed Pods Frameworks";
			outputFileListPaths = (
				"${PODS_ROOT}/Target Support Files/Pods-FoodDeliveryApp-FoodDeliveryAppTests/Pods-FoodDeliveryApp-FoodDeliveryAppTests-frameworks-${CONFIGURATION}-output-files.xcfilelist",
			);
			runOnlyForDeploymentPostprocessing = 0;
			shellPath = /bin/sh;
			shellScript = "\"${PODS_ROOT}/Target Support Files/Pods-FoodDeliveryApp-FoodDeliveryAppTests/Pods-FoodDeliveryApp-FoodDeliveryAppTests-frameworks.sh\"\n";
			showEnvVarsInLog = 0;
		};
		E235C05ADACE081382539298 /* [CP] Copy Pods Resources */ = {
			isa = PBXShellScriptBuildPhase;
			buildActionMask = 2147483647;
			files = (
			);
			inputFileListPaths = (
				"${PODS_ROOT}/Target Support Files/Pods-FoodDeliveryApp/Pods-FoodDeliveryApp-resources-${CONFIGURATION}-input-files.xcfilelist",
			);
			name = "[CP] Copy Pods Resources";
			outputFileListPaths = (
				"${PODS_ROOT}/Target Support Files/Pods-FoodDeliveryApp/Pods-FoodDeliveryApp-resources-${CONFIGURATION}-output-files.xcfilelist",
			);
			runOnlyForDeploymentPostprocessing = 0;
			shellPath = /bin/sh;
			shellScript = "\"${PODS_ROOT}/Target Support Files/Pods-FoodDeliveryApp/Pods-FoodDeliveryApp-resources.sh\"\n";
			showEnvVarsInLog = 0;
		};
		F6A41C54EA430FDDC6A6ED99 /* [CP] Copy Pods Resources */ = {
			isa = PBXShellScriptBuildPhase;
			buildActionMask = 2147483647;
			files = (
			);
			inputFileListPaths = (
				"${PODS_ROOT}/Target Support Files/Pods-FoodDeliveryApp-FoodDeliveryAppTests/Pods-FoodDeliveryApp-FoodDeliveryAppTests-resources-${CONFIGURATION}-input-files.xcfilelist",
			);
			name = "[CP] Copy Pods Resources";
			outputFileListPaths = (
				"${PODS_ROOT}/Target Support Files/Pods-FoodDeliveryApp-FoodDeliveryAppTests/Pods-FoodDeliveryApp-FoodDeliveryAppTests-resources-${CONFIGURATION}-output-files.xcfilelist",
			);
			runOnlyForDeploymentPostprocessing = 0;
			shellPath = /bin/sh;
			shellScript = "\"${PODS_ROOT}/Target Support Files/Pods-FoodDeliveryApp-FoodDeliveryAppTests/Pods-FoodDeliveryApp-FoodDeliveryAppTests-resources.sh\"\n";
			showEnvVarsInLog = 0;
		};
/* End PBXShellScriptBuildPhase section */

/* Begin PBXSourcesBuildPhase section */
		00E356EA1AD99517003FC87E /* Sources */ = {
			isa = PBXSourcesBuildPhase;
			buildActionMask = 2147483647;
			files = (
				00E356F31AD99517003FC87E /* FoodDeliveryAppTests.m in Sources */,
			);
			runOnlyForDeploymentPostprocessing = 0;
		};
		13B07F871A680F5B00A75B9A /* Sources */ = {
			isa = PBXSourcesBuildPhase;
			buildActionMask = 2147483647;
			files = (
				13B07FBC1A68108700A75B9A /* AppDelegate.mm in Sources */,
				13B07FC11A68108700A75B9A /* main.m in Sources */,
			);
			runOnlyForDeploymentPostprocessing = 0;
		};
/* End PBXSourcesBuildPhase section */

/* Begin PBXTargetDependency section */
		00E356F51AD99517003FC87E /* PBXTargetDependency */ = {
			isa = PBXTargetDependency;
			target = 13B07F861A680F5B00A75B9A /* FoodDeliveryApp */;
			targetProxy = 00E356F41AD99517003FC87E /* PBXContainerItemProxy */;
		};
/* End PBXTargetDependency section */

/* Begin XCBuildConfiguration section */
		00E356F61AD99517003FC87E /* Debug */ = {
			isa = XCBuildConfiguration;
			baseConfigurationReference = 5B7EB9410499542E8C5724F5 /* Pods-FoodDeliveryApp-FoodDeliveryAppTests.debug.xcconfig */;
			buildSettings = {
				BUNDLE_LOADER = "$(TEST_HOST)";
				GCC_PREPROCESSOR_DEFINITIONS = (
					"DEBUG=1",
					"$(inherited)",
				);
				INFOPLIST_FILE = FoodDeliveryAppTests/Info.plist;
				IPHONEOS_DEPLOYMENT_TARGET = 13.4;
				LD_RUNPATH_SEARCH_PATHS = (
					"$(inherited)",
					"@executable_path/Frameworks",
					"@loader_path/Frameworks",
				);
				OTHER_LDFLAGS = (
					"-ObjC",
					"-lc++",
					"$(inherited)",
				);
				PRODUCT_BUNDLE_IDENTIFIER = "org.reactjs.native.example.$(PRODUCT_NAME:rfc1034identifier)";
				PRODUCT_NAME = "$(TARGET_NAME)";
				TEST_HOST = "$(BUILT_PRODUCTS_DIR)/FoodDeliveryApp.app/FoodDeliveryApp";
			};
			name = Debug;
		};
		00E356F71AD99517003FC87E /* Release */ = {
			isa = XCBuildConfiguration;
			baseConfigurationReference = 89C6BE57DB24E9ADA2F236DE /* Pods-FoodDeliveryApp-FoodDeliveryAppTests.release.xcconfig */;
			buildSettings = {
				BUNDLE_LOADER = "$(TEST_HOST)";
				COPY_PHASE_STRIP = NO;
				INFOPLIST_FILE = FoodDeliveryAppTests/Info.plist;
				IPHONEOS_DEPLOYMENT_TARGET = 13.4;
				LD_RUNPATH_SEARCH_PATHS = (
					"$(inherited)",
					"@executable_path/Frameworks",
					"@loader_path/Frameworks",
				);
				OTHER_LDFLAGS = (
					"-ObjC",
					"-lc++",
					"$(inherited)",
				);
				PRODUCT_BUNDLE_IDENTIFIER = "org.reactjs.native.example.$(PRODUCT_NAME:rfc1034identifier)";
				PRODUCT_NAME = "$(TARGET_NAME)";
				TEST_HOST = "$(BUILT_PRODUCTS_DIR)/FoodDeliveryApp.app/FoodDeliveryApp";
			};
			name = Release;
		};
		13B07F941A680F5B00A75B9A /* Debug */ = {
			isa = XCBuildConfiguration;
			baseConfigurationReference = 3B4392A12AC88292D35C810B /* Pods-FoodDeliveryApp.debug.xcconfig */;
			buildSettings = {
				ASSETCATALOG_COMPILER_APPICON_NAME = AppIcon;
				CLANG_ENABLE_MODULES = YES;
				CURRENT_PROJECT_VERSION = 1;
				ENABLE_BITCODE = NO;
				INFOPLIST_FILE = FoodDeliveryApp/Info.plist;
				LD_RUNPATH_SEARCH_PATHS = (
					"$(inherited)",
					"@executable_path/Frameworks",
				);
				MARKETING_VERSION = 1.0;
				OTHER_LDFLAGS = (
					"$(inherited)",
					"-ObjC",
					"-lc++",
				);
				PRODUCT_BUNDLE_IDENTIFIER = "org.reactjs.native.example.$(PRODUCT_NAME:rfc1034identifier)";
				PRODUCT_NAME = FoodDeliveryApp;
				SWIFT_OPTIMIZATION_LEVEL = "-Onone";
				SWIFT_VERSION = 5.0;
				VERSIONING_SYSTEM = "apple-generic";
			};
			name = Debug;
		};
		13B07F951A680F5B00A75B9A /* Release */ = {
			isa = XCBuildConfiguration;
			baseConfigurationReference = 5709B34CF0A7D63546082F79 /* Pods-FoodDeliveryApp.release.xcconfig */;
			buildSettings = {
				ASSETCATALOG_COMPILER_APPICON_NAME = AppIcon;
				CLANG_ENABLE_MODULES = YES;
				CURRENT_PROJECT_VERSION = 1;
				INFOPLIST_FILE = FoodDeliveryApp/Info.plist;
				LD_RUNPATH_SEARCH_PATHS = (
					"$(inherited)",
					"@executable_path/Frameworks",
				);
				MARKETING_VERSION = 1.0;
				OTHER_LDFLAGS = (
					"$(inherited)",
					"-ObjC",
					"-lc++",
				);
				PRODUCT_BUNDLE_IDENTIFIER = "org.reactjs.native.example.$(PRODUCT_NAME:rfc1034identifier)";
				PRODUCT_NAME = FoodDeliveryApp;
				SWIFT_VERSION = 5.0;
				VERSIONING_SYSTEM = "apple-generic";
			};
			name = Release;
		};
		83CBBA201A601CBA00E9B192 /* Debug */ = {
			isa = XCBuildConfiguration;
			buildSettings = {
				ALWAYS_SEARCH_USER_PATHS = NO;
				CC = "";
				CLANG_ANALYZER_LOCALIZABILITY_NONLOCALIZED = YES;
				CLANG_CXX_LANGUAGE_STANDARD = "c++20";
				CLANG_CXX_LIBRARY = "libc++";
				CLANG_ENABLE_MODULES = YES;
				CLANG_ENABLE_OBJC_ARC = YES;
				CLANG_WARN_BLOCK_CAPTURE_AUTORELEASING = YES;
				CLANG_WARN_BOOL_CONVERSION = YES;
				CLANG_WARN_COMMA = YES;
				CLANG_WARN_CONSTANT_CONVERSION = YES;
				CLANG_WARN_DEPRECATED_OBJC_IMPLEMENTATIONS = YES;
				CLANG_WARN_DIRECT_OBJC_ISA_USAGE = YES_ERROR;
				CLANG_WARN_EMPTY_BODY = YES;
				CLANG_WARN_ENUM_CONVERSION = YES;
				CLANG_WARN_INFINITE_RECURSION = YES;
				CLANG_WARN_INT_CONVERSION = YES;
				CLANG_WARN_NON_LITERAL_NULL_CONVERSION = YES;
				CLANG_WARN_OBJC_IMPLICIT_RETAIN_SELF = YES;
				CLANG_WARN_OBJC_LITERAL_CONVERSION = YES;
				CLANG_WARN_OBJC_ROOT_CLASS = YES_ERROR;
				CLANG_WARN_QUOTED_INCLUDE_IN_FRAMEWORK_HEADER = YES;
				CLANG_WARN_RANGE_LOOP_ANALYSIS = YES;
				CLANG_WARN_STRICT_PROTOTYPES = YES;
				CLANG_WARN_SUSPICIOUS_MOVE = YES;
				CLANG_WARN_UNREACHABLE_CODE = YES;
				CLANG_WARN__DUPLICATE_METHOD_MATCH = YES;
				"CODE_SIGN_IDENTITY[sdk=iphoneos*]" = "iPhone Developer";
				COPY_PHASE_STRIP = NO;
				CXX = "";
				ENABLE_STRICT_OBJC_MSGSEND = YES;
				ENABLE_TESTABILITY = YES;
				"EXCLUDED_ARCHS[sdk=iphonesimulator*]" = "";
				GCC_C_LANGUAGE_STANDARD = gnu99;
				GCC_DYNAMIC_NO_PIC = NO;
				GCC_NO_COMMON_BLOCKS = YES;
				GCC_OPTIMIZATION_LEVEL = 0;
				GCC_PREPROCESSOR_DEFINITIONS = (
					"DEBUG=1",
					"$(inherited)",
				);
				GCC_SYMBOLS_PRIVATE_EXTERN = NO;
				GCC_WARN_64_TO_32_BIT_CONVERSION = YES;
				GCC_WARN_ABOUT_RETURN_TYPE = YES_ERROR;
				GCC_WARN_UNDECLARED_SELECTOR = YES;
				GCC_WARN_UNINITIALIZED_AUTOS = YES_AGGRESSIVE;
				GCC_WARN_UNUSED_FUNCTION = YES;
				GCC_WARN_UNUSED_VARIABLE = YES;
				IPHONEOS_DEPLOYMENT_TARGET = 13.4;
				LD = "";
				LDPLUSPLUS = "";
				LD_RUNPATH_SEARCH_PATHS = (
					/usr/lib/swift,
					"$(inherited)",
				);
				LIBRARY_SEARCH_PATHS = (
					"\"$(SDKROOT)/usr/lib/swift\"",
					"\"$(TOOLCHAIN_DIR)/usr/lib/swift/$(PLATFORM_NAME)\"",
					"\"$(inherited)\"",
				);
				MTL_ENABLE_DEBUG_INFO = YES;
				ONLY_ACTIVE_ARCH = YES;
				OTHER_CPLUSPLUSFLAGS = (
					"$(OTHER_CFLAGS)",
					"-DFOLLY_NO_CONFIG",
					"-DFOLLY_MOBILE=1",
					"-DFOLLY_USE_LIBCPP=1",
					"-DFOLLY_CFG_NO_COROUTINES=1",
					"-DFOLLY_HAVE_CLOCK_GETTIME=1",
				);
				OTHER_LDFLAGS = (
					"$(inherited)",
					" ",
				);
				REACT_NATIVE_PATH = "${PODS_ROOT}/../../node_modules/react-native";
				SDKROOT = iphoneos;
				SWIFT_ACTIVE_COMPILATION_CONDITIONS = "$(inherited) DEBUG";
				USE_HERMES = true;
			};
			name = Debug;
		};
		83CBBA211A601CBA00E9B192 /* Release */ = {
			isa = XCBuildConfiguration;
			buildSettings = {
				ALWAYS_SEARCH_USER_PATHS = NO;
				CC = "";
				CLANG_ANALYZER_LOCALIZABILITY_NONLOCALIZED = YES;
				CLANG_CXX_LANGUAGE_STANDARD = "c++20";
				CLANG_CXX_LIBRARY = "libc++";
				CLANG_ENABLE_MODULES = YES;
				CLANG_ENABLE_OBJC_ARC = YES;
				CLANG_WARN_BLOCK_CAPTURE_AUTORELEASING = YES;
				CLANG_WARN_BOOL_CONVERSION = YES;
				CLANG_WARN_COMMA = YES;
				CLANG_WARN_CONSTANT_CONVERSION = YES;
				CLANG_WARN_DEPRECATED_OBJC_IMPLEMENTATIONS = YES;
				CLANG_WARN_DIRECT_OBJC_ISA_USAGE = YES_ERROR;
				CLANG_WARN_EMPTY_BODY = YES;
				CLANG_WARN_ENUM_CONVERSION = YES;
				CLANG_WARN_INFINITE_RECURSION = YES;
				CLANG_WARN_INT_CONVERSION = YES;
				CLANG_WARN_NON_LITERAL_NULL_CONVERSION = YES;
				CLANG_WARN_OBJC_IMPLICIT_RETAIN_SELF = YES;
				CLANG_WARN_OBJC_LITERAL_CONVERSION = YES;
				CLANG_WARN_OBJC_ROOT_CLASS = YES_ERROR;
				CLANG_WARN_QUOTED_INCLUDE_IN_FRAMEWORK_HEADER = YES;
				CLANG_WARN_RANGE_LOOP_ANALYSIS = YES;
				CLANG_WARN_STRICT_PROTOTYPES = YES;
				CLANG_WARN_SUSPICIOUS_MOVE = YES;
				CLANG_WARN_UNREACHABLE_CODE = YES;
				CLANG_WARN__DUPLICATE_METHOD_MATCH = YES;
				"CODE_SIGN_IDENTITY[sdk=iphoneos*]" = "iPhone Developer";
				COPY_PHASE_STRIP = YES;
				CXX = "";
				ENABLE_NS_ASSERTIONS = NO;
				ENABLE_STRICT_OBJC_MSGSEND = YES;
				"EXCLUDED_ARCHS[sdk=iphonesimulator*]" = "";
				GCC_C_LANGUAGE_STANDARD = gnu99;
				GCC_NO_COMMON_BLOCKS = YES;
				GCC_WARN_64_TO_32_BIT_CONVERSION = YES;
				GCC_WARN_ABOUT_RETURN_TYPE = YES_ERROR;
				GCC_WARN_UNDECLARED_SELECTOR = YES;
				GCC_WARN_UNINITIALIZED_AUTOS = YES_AGGRESSIVE;
				GCC_WARN_UNUSED_FUNCTION = YES;
				GCC_WARN_UNUSED_VARIABLE = YES;
				IPHONEOS_DEPLOYMENT_TARGET = 13.4;
				LD = "";
				LDPLUSPLUS = "";
				LD_RUNPATH_SEARCH_PATHS = (
					/usr/lib/swift,
					"$(inherited)",
				);
				LIBRARY_SEARCH_PATHS = (
					"\"$(SDKROOT)/usr/lib/swift\"",
					"\"$(TOOLCHAIN_DIR)/usr/lib/swift/$(PLATFORM_NAME)\"",
					"\"$(inherited)\"",
				);
				MTL_ENABLE_DEBUG_INFO = NO;
				OTHER_CPLUSPLUSFLAGS = (
					"$(OTHER_CFLAGS)",
					"-DFOLLY_NO_CONFIG",
					"-DFOLLY_MOBILE=1",
					"-DFOLLY_USE_LIBCPP=1",
					"-DFOLLY_CFG_NO_COROUTINES=1",
					"-DFOLLY_HAVE_CLOCK_GETTIME=1",
				);
				OTHER_LDFLAGS = (
					"$(inherited)",
					" ",
				);
				REACT_NATIVE_PATH = "${PODS_ROOT}/../../node_modules/react-native";
				SDKROOT = iphoneos;
				USE_HERMES = true;
				VALIDATE_PRODUCT = YES;
			};
			name = Release;
		};
/* End XCBuildConfiguration section */

/* Begin XCConfigurationList section */
		00E357021AD99517003FC87E /* Build configuration list for PBXNativeTarget "FoodDeliveryAppTests" */ = {
			isa = XCConfigurationList;
			buildConfigurations = (
				00E356F61AD99517003FC87E /* Debug */,
				00E356F71AD99517003FC87E /* Release */,
			);
			defaultConfigurationIsVisible = 0;
			defaultConfigurationName = Release;
		};
		13B07F931A680F5B00A75B9A /* Build configuration list for PBXNativeTarget "FoodDeliveryApp" */ = {
			isa = XCConfigurationList;
			buildConfigurations = (
				13B07F941A680F5B00A75B9A /* Debug */,
				13B07F951A680F5B00A75B9A /* Release */,
			);
			defaultConfigurationIsVisible = 0;
			defaultConfigurationName = Release;
		};
		83CBB9FA1A601CBA00E9B192 /* Build configuration list for PBXProject "FoodDeliveryApp" */ = {
			isa = XCConfigurationList;
			buildConfigurations = (
				83CBBA201A601CBA00E9B192 /* Debug */,
				83CBBA211A601CBA00E9B192 /* Release */,
			);
			defaultConfigurationIsVisible = 0;
			defaultConfigurationName = Release;
		};
/* End XCConfigurationList section */
	};
	rootObject = 83CBB9F71A601CBA00E9B192 /* Project object */;
}
